<?xml version="1.0" encoding="utf-8"?>
<Project ToolsVersion="4.0" xmlns="http://schemas.microsoft.com/developer/msbuild/2003">
  <ItemGroup>
    <Filter Include="Source Files">
      <UniqueIdentifier>{4FC737F1-C7A5-4376-A066-2A32D752A2FF}</UniqueIdentifier>
      <Extensions>cpp;c;cc;cxx;def;odl;idl;hpj;bat;asm;asmx</Extensions>
    </Filter>
    <Filter Include="Header Files">
      <UniqueIdentifier>{93995380-89BD-4b04-88EB-625FBE52EBFB}</UniqueIdentifier>
      <Extensions>h;hh;hpp;hxx;hm;inl;inc;ipp;xsd</Extensions>
    </Filter>
    <Filter Include="Resource Files">
      <UniqueIdentifier>{67DA6AB6-F800-4c08-8B7A-83BB121AAD01}</UniqueIdentifier>
      <Extensions>rc;ico;cur;bmp;dlg;rc2;rct;bin;rgs;gif;jpg;jpeg;jpe;resx;tiff;tif;png;wav;mfcribbon-ms</Extensions>
    </Filter>
  </ItemGroup>
  <ItemGroup>
    <ClInclude Include="pch.h">
      <Filter>Header Files</Filter>
    </ClInclude>
    <ClInclude Include="Round.h">
      <Filter>Header Files</Filter>
    </ClInclude>
    <ClInclude Include="Map.h">
      <Filter>Header Files</Filter>
    </ClInclude>
    <ClInclude Include="Robot.h">
      <Filter>Header Files</Filter>
    </ClInclude>
    <ClInclude Include="WeakRobot.h">
      <Filter>Header Files</Filter>
    </ClInclude>
    <ClInclude Include="Trap.h">
      <Filter>Header Files</Filter>
    </ClInclude>
    <ClInclude Include="WeakTrap.h">
      <Filter>Header Files</Filter>
    </ClInclude>
    <ClInclude Include="StrongRobot.h">
      <Filter>Header Files</Filter>
    </ClInclude>
    <ClInclude Include="StrongTrap.h">
      <Filter>Header Files</Filter>
    </ClInclude>
    <ClInclude Include="Objects.h">
      <Filter>Header Files</Filter>
    </ClInclude>
    <ClInclude Include="NormalRobot.h">
      <Filter>Header Files</Filter>
    </ClInclude>
    <ClInclude Include="Item.h">
      <Filter>Header Files</Filter>
    </ClInclude>
    <ClInclude Include="WeakItem.h">
      <Filter>Header Files</Filter>
    </ClInclude>
    <ClInclude Include="Normaltem.h">
      <Filter>Header Files</Filter>
    </ClInclude>
    <ClInclude Include="StrongItem.h">
      <Filter>Header Files</Filter>
    </ClInclude>
    <ClInclude Include="NormalTrap.h">
      <Filter>Header Files</Filter>
    </ClInclude>
  </ItemGroup>
  <ItemGroup>
    <ClCompile Include="pch.cpp">
      <Filter>Source Files</Filter>
    </ClCompile>
    <ClCompile Include="Proiect POO 2.cpp">
      <Filter>Source Files</Filter>
    </ClCompile>
    <ClCompile Include="Round.cpp">
      <Filter>Source Files</Filter>
    </ClCompile>
    <ClCompile Include="Map.cpp">
      <Filter>Source Files</Filter>
    </ClCompile>
    <ClCompile Include="Robot.cpp">
      <Filter>Source Files</Filter>
    </ClCompile>
    <ClCompile Include="WeakRobot.cpp">
      <Filter>Source Files</Filter>
    </ClCompile>
    <ClCompile Include="Trap.cpp">
      <Filter>Source Files</Filter>
    </ClCompile>
    <ClCompile Include="WeakTrap.cpp">
      <Filter>Source Files</Filter>
    </ClCompile>
    <ClCompile Include="StrongRobot.cpp">
      <Filter>Source Files</Filter>
    </ClCompile>
    <ClCompile Include="StrongTrap.cpp">
      <Filter>Source Files</Filter>
    </ClCompile>
    <ClCompile Include="Objects.cpp">
      <Filter>Source Files</Filter>
    </ClCompile>
    <ClCompile Include="NormalRobot.cpp">
      <Filter>Source Files</Filter>
    </ClCompile>
    <ClCompile Include="Item.cpp">
      <Filter>Source Files</Filter>
    </ClCompile>
    <ClCompile Include="WeakItem.cpp">
      <Filter>Source Files</Filter>
    </ClCompile>
    <ClCompile Include="Normaltem.cpp">
      <Filter>Source Files</Filter>
    </ClCompile>
    <ClCompile Include="StrongItem.cpp">
      <Filter>Source Files</Filter>
    </ClCompile>
    <ClCompile Include="NormalTrap.cpp">
      <Filter>Source Files</Filter>
    </ClCompile>
  </ItemGroup>
</Project>